
Microsoft Visual Studio Solution File, Format Version 12.00
# Visual Studio Version 17
VisualStudioVersion = 17.11.35327.3
MinimumVisualStudioVersion = 10.0.40219.1
Project("{9A19103F-16F7-4668-BE54-9A1E7A4F7556}") = "Widgets", "Widgets\Widgets.csproj", "{0AE941CE-1DE5-4957-A11D-5A79E9A285B0}"
EndProject
Global
	GlobalSection(SolutionConfigurationPlatforms) = preSolution
		Debug|Any CPU = Debug|Any CPU
		Debug|x86 = Debug|x86
		Release|Any CPU = Release|Any CPU
		Release|x86 = Release|x86
	EndGlobalSection
	GlobalSection(ProjectConfigurationPlatforms) = postSolution
		{0AE941CE-1DE5-4957-A11D-5A79E9A285B0}.Debug|Any CPU.ActiveCfg = Debug|Any CPU
		{0AE941CE-1DE5-4957-A11D-5A79E9A285B0}.Debug|Any CPU.Build.0 = Debug|Any CPU
		{0AE941CE-1DE5-4957-A11D-5A79E9A285B0}.Debug|x86.ActiveCfg = Debug|Any CPU
		{0AE941CE-1DE5-4957-A11D-5A79E9A285B0}.Debug|x86.Build.0 = Debug|Any CPU
		{0AE941CE-1DE5-4957-A11D-5A79E9A285B0}.Release|Any CPU.ActiveCfg = Release|Any CPU
		{0AE941CE-1DE5-4957-A11D-5A79E9A285B0}.Release|Any CPU.Build.0 = Release|Any CPU
		{0AE941CE-1DE5-4957-A11D-5A79E9A285B0}.Release|x86.ActiveCfg = Release|Any CPU
		{0AE941CE-1DE5-4957-A11D-5A79E9A285B0}.Release|x86.Build.0 = Release|Any CPU
	EndGlobalSection
	GlobalSection(SolutionProperties) = preSolution
		HideSolutionNode = FALSE
	EndGlobalSection
	GlobalSection(ExtensibilityGlobals) = postSolution
		SolutionGuid = {36F49C91-BE7F-4207-B05B-AC6B1CC97FB3}
	EndGlobalSection
EndGlobal
